
Microsoft Visual Studio Solution File, Format Version 12.00
# Visual Studio Version 17
VisualStudioVersion = 17.5.33414.496
MinimumVisualStudioVersion = 10.0.40219.1
Project("{FAE04EC0-301F-11D3-BF4B-00C04F79EFBC}") = "Rodrigo_Sem_Fatos", "Rodrigo_Sem_Fatos.csproj", "{F005F35C-17F1-4A76-A7E1-8CEDC05C1953}"
EndProject
Global
	GlobalSection(SolutionConfigurationPlatforms) = preSolution
		Debug|Any CPU = Debug|Any CPU
		Release|Any CPU = Release|Any CPU
	EndGlobalSection
	GlobalSection(ProjectConfigurationPlatforms) = postSolution
		{F005F35C-17F1-4A76-A7E1-8CEDC05C1953}.Debug|Any CPU.ActiveCfg = Debug|Any CPU
		{F005F35C-17F1-4A76-A7E1-8CEDC05C1953}.Debug|Any CPU.Build.0 = Debug|Any CPU
		{F005F35C-17F1-4A76-A7E1-8CEDC05C1953}.Release|Any CPU.ActiveCfg = Release|Any CPU
		{F005F35C-17F1-4A76-A7E1-8CEDC05C1953}.Release|Any CPU.Build.0 = Release|Any CPU
	EndGlobalSection
	GlobalSection(SolutionProperties) = preSolution
		HideSolutionNode = FALSE
	EndGlobalSection
	GlobalSection(ExtensibilityGlobals) = postSolution
		SolutionGuid = {45C716A4-8E21-49B9-901F-A22D264FD5B8}
	EndGlobalSection
EndGlobal
